<?xml version="1.0" encoding="UTF-8" standalone="yes" ?>
<CodeBlocks_project_file>
	<FileVersion major="1" minor="6" />
	<Project>
		<Option title="codeToHtml" />
		<Option pch_mode="2" />
		<Option compiler="gcc" />
		<Build>
			<Target title="Debug">
				<Option output="bin/Debug/codeToHtml" prefix_auto="1" extension_auto="1" />
				<Option object_output="obj/Debug/" />
				<Option type="1" />
				<Option compiler="gcc" />
				<Compiler>
					<Add option="-g" />
					<Add directory="converter" />
					<Add directory="core" />
					<Add directory="identifier" />
				</Compiler>
			</Target>
			<Target title="Release">
				<Option output="bin/Release/codeToHtml" prefix_auto="1" extension_auto="1" />
				<Option object_output="obj/Release/" />
				<Option type="1" />
				<Option compiler="gcc" />
				<Compiler>
					<Add option="-O2" />
				</Compiler>
				<Linker>
					<Add option="-s" />
				</Linker>
			</Target>
		</Build>
		<Compiler>
			<Add option="-Wall" />
		</Compiler>
		<Unit filename="converter/codeConverter.cpp" />
		<Unit filename="converter/codeConverter.h" />
		<Unit filename="converter/htmlConverter.cpp" />
		<Unit filename="converter/htmlConverter.h" />
		<Unit filename="core/fsm.cpp" />
		<Unit filename="core/fsm.h" />
		<Unit filename="core/lexer.cpp" />
		<Unit filename="core/lexer.h" />
		<Unit filename="core/token.h" />
		<Unit filename="identifier/characterIdentifier.h" />
		<Unit filename="main.cpp" />
		<Extensions />
	</Project>
</CodeBlocks_project_file>
